// !$*UTF8*$!
{
	archiveVersion = 1;
	classes = {
	};
	objectVersion = 50;
	objects = {

/* Begin PBXBuildFile section */
		3400AEB224B64EF100851ACC /* CocktailApiManager.swift in Sources */ = {isa = PBXBuildFile; fileRef = 3468180924B64DFE00227F67 /* CocktailApiManager.swift */; };
		3400AEB924B68B9D00851ACC /* Ingredient.swift in Sources */ = {isa = PBXBuildFile; fileRef = 3400AEB824B68B9D00851ACC /* Ingredient.swift */; };
		3400AEBB24B68BD900851ACC /* Ingredients.swift in Sources */ = {isa = PBXBuildFile; fileRef = 3400AEBA24B68BD900851ACC /* Ingredients.swift */; };
		346817EB24B6179000227F67 /* Drink.swift in Sources */ = {isa = PBXBuildFile; fileRef = 346817EA24B6179000227F67 /* Drink.swift */; };
		346817ED24B6192200227F67 /* Drinks.swift in Sources */ = {isa = PBXBuildFile; fileRef = 346817EC24B6192200227F67 /* Drinks.swift */; };
		346817FD24B6307700227F67 /* NetworkingError.swift in Sources */ = {isa = PBXBuildFile; fileRef = 346817FC24B6307700227F67 /* NetworkingError.swift */; };
		346817FF24B6311600227F67 /* NerworkingErrorChecker.swift in Sources */ = {isa = PBXBuildFile; fileRef = 346817FE24B6311600227F67 /* NerworkingErrorChecker.swift */; };
		3468180224B6498700227F67 /* CocktailDataProvider.swift in Sources */ = {isa = PBXBuildFile; fileRef = 3468180124B6498700227F67 /* CocktailDataProvider.swift */; };
		3468180424B64CDD00227F67 /* CocktailApiUrlMaker.swift in Sources */ = {isa = PBXBuildFile; fileRef = 3468180324B64CDD00227F67 /* CocktailApiUrlMaker.swift */; };
		347D6A2624B60D9800D5F7E2 /* AppDelegate.swift in Sources */ = {isa = PBXBuildFile; fileRef = 347D6A2524B60D9800D5F7E2 /* AppDelegate.swift */; };
		347D6A2824B60D9800D5F7E2 /* SceneDelegate.swift in Sources */ = {isa = PBXBuildFile; fileRef = 347D6A2724B60D9800D5F7E2 /* SceneDelegate.swift */; };
		347D6A2A24B60D9800D5F7E2 /* SearchDrinkViewController.swift in Sources */ = {isa = PBXBuildFile; fileRef = 347D6A2924B60D9800D5F7E2 /* SearchDrinkViewController.swift */; };
		347D6A2F24B60D9B00D5F7E2 /* Assets.xcassets in Resources */ = {isa = PBXBuildFile; fileRef = 347D6A2E24B60D9B00D5F7E2 /* Assets.xcassets */; };
		347D6A3224B60D9B00D5F7E2 /* LaunchScreen.storyboard in Resources */ = {isa = PBXBuildFile; fileRef = 347D6A3024B60D9B00D5F7E2 /* LaunchScreen.storyboard */; };
/* End PBXBuildFile section */

/* Begin PBXFileReference section */
		3400AEB824B68B9D00851ACC /* Ingredient.swift */ = {isa = PBXFileReference; lastKnownFileType = sourcecode.swift; path = Ingredient.swift; sourceTree = "<group>"; };
		3400AEBA24B68BD900851ACC /* Ingredients.swift */ = {isa = PBXFileReference; lastKnownFileType = sourcecode.swift; path = Ingredients.swift; sourceTree = "<group>"; };
		346817EA24B6179000227F67 /* Drink.swift */ = {isa = PBXFileReference; lastKnownFileType = sourcecode.swift; path = Drink.swift; sourceTree = "<group>"; };
		346817EC24B6192200227F67 /* Drinks.swift */ = {isa = PBXFileReference; lastKnownFileType = sourcecode.swift; path = Drinks.swift; sourceTree = "<group>"; };
		346817FC24B6307700227F67 /* NetworkingError.swift */ = {isa = PBXFileReference; lastKnownFileType = sourcecode.swift; path = NetworkingError.swift; sourceTree = "<group>"; };
		346817FE24B6311600227F67 /* NerworkingErrorChecker.swift */ = {isa = PBXFileReference; lastKnownFileType = sourcecode.swift; path = NerworkingErrorChecker.swift; sourceTree = "<group>"; };
		3468180124B6498700227F67 /* CocktailDataProvider.swift */ = {isa = PBXFileReference; lastKnownFileType = sourcecode.swift; path = CocktailDataProvider.swift; sourceTree = "<group>"; };
		3468180324B64CDD00227F67 /* CocktailApiUrlMaker.swift */ = {isa = PBXFileReference; lastKnownFileType = sourcecode.swift; path = CocktailApiUrlMaker.swift; sourceTree = "<group>"; };
		3468180924B64DFE00227F67 /* CocktailApiManager.swift */ = {isa = PBXFileReference; lastKnownFileType = sourcecode.swift; path = CocktailApiManager.swift; sourceTree = "<group>"; };
		347D6A2224B60D9800D5F7E2 /* AlcoFan.app */ = {isa = PBXFileReference; explicitFileType = wrapper.application; includeInIndex = 0; path = AlcoFan.app; sourceTree = BUILT_PRODUCTS_DIR; };
		347D6A2524B60D9800D5F7E2 /* AppDelegate.swift */ = {isa = PBXFileReference; lastKnownFileType = sourcecode.swift; path = AppDelegate.swift; sourceTree = "<group>"; };
		347D6A2724B60D9800D5F7E2 /* SceneDelegate.swift */ = {isa = PBXFileReference; lastKnownFileType = sourcecode.swift; path = SceneDelegate.swift; sourceTree = "<group>"; };
		347D6A2924B60D9800D5F7E2 /* SearchDrinkViewController.swift */ = {isa = PBXFileReference; lastKnownFileType = sourcecode.swift; path = SearchDrinkViewController.swift; sourceTree = "<group>"; };
		347D6A2E24B60D9B00D5F7E2 /* Assets.xcassets */ = {isa = PBXFileReference; lastKnownFileType = folder.assetcatalog; path = Assets.xcassets; sourceTree = "<group>"; };
		347D6A3124B60D9B00D5F7E2 /* Base */ = {isa = PBXFileReference; lastKnownFileType = file.storyboard; name = Base; path = Base.lproj/LaunchScreen.storyboard; sourceTree = "<group>"; };
		347D6A3324B60D9B00D5F7E2 /* Info.plist */ = {isa = PBXFileReference; lastKnownFileType = text.plist.xml; path = Info.plist; sourceTree = "<group>"; };
/* End PBXFileReference section */

/* Begin PBXFrameworksBuildPhase section */
		347D6A1F24B60D9800D5F7E2 /* Frameworks */ = {
			isa = PBXFrameworksBuildPhase;
			buildActionMask = 2147483647;
			files = (
			);
			runOnlyForDeploymentPostprocessing = 0;
		};
/* End PBXFrameworksBuildPhase section */

/* Begin PBXGroup section */
		3400AEB324B66E0B00851ACC /* CocktailApi */ = {
			isa = PBXGroup;
			children = (
				3468180924B64DFE00227F67 /* CocktailApiManager.swift */,
				3468180324B64CDD00227F67 /* CocktailApiUrlMaker.swift */,
			);
			path = CocktailApi;
			sourceTree = "<group>";
		};
		346817E924B6178700227F67 /* Model */ = {
			isa = PBXGroup;
			children = (
				3468180124B6498700227F67 /* CocktailDataProvider.swift */,
				346817F124B61B4A00227F67 /* Networking */,
				346817EE24B619AA00227F67 /* JSON Structs */,
			);
			path = Model;
			sourceTree = "<group>";
		};
		346817EE24B619AA00227F67 /* JSON Structs */ = {
			isa = PBXGroup;
			children = (
				346817EC24B6192200227F67 /* Drinks.swift */,
				346817EA24B6179000227F67 /* Drink.swift */,
				3400AEBA24B68BD900851ACC /* Ingredients.swift */,
				3400AEB824B68B9D00851ACC /* Ingredient.swift */,
			);
			path = "JSON Structs";
			sourceTree = "<group>";
		};
		346817F124B61B4A00227F67 /* Networking */ = {
			isa = PBXGroup;
			children = (
				3400AEB324B66E0B00851ACC /* CocktailApi */,
				346817FC24B6307700227F67 /* NetworkingError.swift */,
				346817FE24B6311600227F67 /* NerworkingErrorChecker.swift */,
			);
			path = Networking;
			sourceTree = "<group>";
		};
		347D6A1924B60D9800D5F7E2 = {
			isa = PBXGroup;
			children = (
				347D6A2424B60D9800D5F7E2 /* AlcoFan */,
				347D6A2324B60D9800D5F7E2 /* Products */,
			);
			sourceTree = "<group>";
		};
		347D6A2324B60D9800D5F7E2 /* Products */ = {
			isa = PBXGroup;
			children = (
				347D6A2224B60D9800D5F7E2 /* AlcoFan.app */,
			);
			name = Products;
			sourceTree = "<group>";
		};
		347D6A2424B60D9800D5F7E2 /* AlcoFan */ = {
			isa = PBXGroup;
			children = (
				347D6A2524B60D9800D5F7E2 /* AppDelegate.swift */,
				347D6A2724B60D9800D5F7E2 /* SceneDelegate.swift */,
				346817E924B6178700227F67 /* Model */,
				347D6A3924B6166800D5F7E2 /* Interface */,
				347D6A2E24B60D9B00D5F7E2 /* Assets.xcassets */,
				347D6A3024B60D9B00D5F7E2 /* LaunchScreen.storyboard */,
				347D6A3324B60D9B00D5F7E2 /* Info.plist */,
			);
			path = AlcoFan;
			sourceTree = "<group>";
		};
		347D6A3924B6166800D5F7E2 /* Interface */ = {
			isa = PBXGroup;
			children = (
				347D6A3A24B6167900D5F7E2 /* VIew Controllers */,
			);
			path = Interface;
			sourceTree = "<group>";
		};
		347D6A3A24B6167900D5F7E2 /* VIew Controllers */ = {
			isa = PBXGroup;
			children = (
				347D6A2924B60D9800D5F7E2 /* SearchDrinkViewController.swift */,
			);
			path = "VIew Controllers";
			sourceTree = "<group>";
		};
/* End PBXGroup section */

/* Begin PBXNativeTarget section */
		347D6A2124B60D9800D5F7E2 /* AlcoFan */ = {
			isa = PBXNativeTarget;
			buildConfigurationList = 347D6A3624B60D9B00D5F7E2 /* Build configuration list for PBXNativeTarget "AlcoFan" */;
			buildPhases = (
				347D6A1E24B60D9800D5F7E2 /* Sources */,
				347D6A1F24B60D9800D5F7E2 /* Frameworks */,
				347D6A2024B60D9800D5F7E2 /* Resources */,
			);
			buildRules = (
			);
			dependencies = (
			);
			name = AlcoFan;
			productName = AlcoFan;
			productReference = 347D6A2224B60D9800D5F7E2 /* AlcoFan.app */;
			productType = "com.apple.product-type.application";
		};
/* End PBXNativeTarget section */

/* Begin PBXProject section */
		347D6A1A24B60D9800D5F7E2 /* Project object */ = {
			isa = PBXProject;
			attributes = {
				LastSwiftUpdateCheck = 1150;
				LastUpgradeCheck = 1150;
				ORGANIZATIONNAME = MS;
				TargetAttributes = {
					347D6A2124B60D9800D5F7E2 = {
						CreatedOnToolsVersion = 11.5;
					};
				};
			};
			buildConfigurationList = 347D6A1D24B60D9800D5F7E2 /* Build configuration list for PBXProject "AlcoFan" */;
			compatibilityVersion = "Xcode 9.3";
			developmentRegion = en;
			hasScannedForEncodings = 0;
			knownRegions = (
				en,
				Base,
			);
			mainGroup = 347D6A1924B60D9800D5F7E2;
			productRefGroup = 347D6A2324B60D9800D5F7E2 /* Products */;
			projectDirPath = "";
			projectRoot = "";
			targets = (
				347D6A2124B60D9800D5F7E2 /* AlcoFan */,
			);
		};
/* End PBXProject section */

/* Begin PBXResourcesBuildPhase section */
		347D6A2024B60D9800D5F7E2 /* Resources */ = {
			isa = PBXResourcesBuildPhase;
			buildActionMask = 2147483647;
			files = (
				347D6A3224B60D9B00D5F7E2 /* LaunchScreen.storyboard in Resources */,
				347D6A2F24B60D9B00D5F7E2 /* Assets.xcassets in Resources */,
			);
			runOnlyForDeploymentPostprocessing = 0;
		};
/* End PBXResourcesBuildPhase section */

/* Begin PBXSourcesBuildPhase section */
		347D6A1E24B60D9800D5F7E2 /* Sources */ = {
			isa = PBXSourcesBuildPhase;
			buildActionMask = 2147483647;
			files = (
				347D6A2A24B60D9800D5F7E2 /* SearchDrinkViewController.swift in Sources */,
				346817ED24B6192200227F67 /* Drinks.swift in Sources */,
				3468180224B6498700227F67 /* CocktailDataProvider.swift in Sources */,
				346817FD24B6307700227F67 /* NetworkingError.swift in Sources */,
				3400AEBB24B68BD900851ACC /* Ingredients.swift in Sources */,
				346817FF24B6311600227F67 /* NerworkingErrorChecker.swift in Sources */,
				347D6A2624B60D9800D5F7E2 /* AppDelegate.swift in Sources */,
				346817EB24B6179000227F67 /* Drink.swift in Sources */,
				347D6A2824B60D9800D5F7E2 /* SceneDelegate.swift in Sources */,
				3400AEB224B64EF100851ACC /* CocktailApiManager.swift in Sources */,
				3468180424B64CDD00227F67 /* CocktailApiUrlMaker.swift in Sources */,
				3400AEB924B68B9D00851ACC /* Ingredient.swift in Sources */,
			);
			runOnlyForDeploymentPostprocessing = 0;
		};
/* End PBXSourcesBuildPhase section */

/* Begin PBXVariantGroup section */
		347D6A3024B60D9B00D5F7E2 /* LaunchScreen.storyboard */ = {
			isa = PBXVariantGroup;
			children = (
				347D6A3124B60D9B00D5F7E2 /* Base */,
			);
			name = LaunchScreen.storyboard;
			sourceTree = "<group>";
		};
/* End PBXVariantGroup section */

/* Begin XCBuildConfiguration section */
		347D6A3424B60D9B00D5F7E2 /* Debug */ = {
			isa = XCBuildConfiguration;
			buildSettings = {
				ALWAYS_SEARCH_USER_PATHS = NO;
				CLANG_ANALYZER_NONNULL = YES;
				CLANG_ANALYZER_NUMBER_OBJECT_CONVERSION = YES_AGGRESSIVE;
				CLANG_CXX_LANGUAGE_STANDARD = "gnu++14";
				CLANG_CXX_LIBRARY = "libc++";
				CLANG_ENABLE_MODULES = YES;
				CLANG_ENABLE_OBJC_ARC = YES;
				CLANG_ENABLE_OBJC_WEAK = YES;
				CLANG_WARN_BLOCK_CAPTURE_AUTORELEASING = YES;
				CLANG_WARN_BOOL_CONVERSION = YES;
				CLANG_WARN_COMMA = YES;
				CLANG_WARN_CONSTANT_CONVERSION = YES;
				CLANG_WARN_DEPRECATED_OBJC_IMPLEMENTATIONS = YES;
				CLANG_WARN_DIRECT_OBJC_ISA_USAGE = YES_ERROR;
				CLANG_WARN_DOCUMENTATION_COMMENTS = YES;
				CLANG_WARN_EMPTY_BODY = YES;
				CLANG_WARN_ENUM_CONVERSION = YES;
				CLANG_WARN_INFINITE_RECURSION = YES;
				CLANG_WARN_INT_CONVERSION = YES;
				CLANG_WARN_NON_LITERAL_NULL_CONVERSION = YES;
				CLANG_WARN_OBJC_IMPLICIT_RETAIN_SELF = YES;
				CLANG_WARN_OBJC_LITERAL_CONVERSION = YES;
				CLANG_WARN_OBJC_ROOT_CLASS = YES_ERROR;
				CLANG_WARN_RANGE_LOOP_ANALYSIS = YES;
				CLANG_WARN_STRICT_PROTOTYPES = YES;
				CLANG_WARN_SUSPICIOUS_MOVE = YES;
				CLANG_WARN_UNGUARDED_AVAILABILITY = YES_AGGRESSIVE;
				CLANG_WARN_UNREACHABLE_CODE = YES;
				CLANG_WARN__DUPLICATE_METHOD_MATCH = YES;
				COPY_PHASE_STRIP = NO;
				DEBUG_INFORMATION_FORMAT = dwarf;
				ENABLE_STRICT_OBJC_MSGSEND = YES;
				ENABLE_TESTABILITY = YES;
				GCC_C_LANGUAGE_STANDARD = gnu11;
				GCC_DYNAMIC_NO_PIC = NO;
				GCC_NO_COMMON_BLOCKS = YES;
				GCC_OPTIMIZATION_LEVEL = 0;
				GCC_PREPROCESSOR_DEFINITIONS = (
					"DEBUG=1",
					"$(inherited)",
				);
				GCC_WARN_64_TO_32_BIT_CONVERSION = YES;
				GCC_WARN_ABOUT_RETURN_TYPE = YES_ERROR;
				GCC_WARN_UNDECLARED_SELECTOR = YES;
				GCC_WARN_UNINITIALIZED_AUTOS = YES_AGGRESSIVE;
				GCC_WARN_UNUSED_FUNCTION = YES;
				GCC_WARN_UNUSED_VARIABLE = YES;
				IPHONEOS_DEPLOYMENT_TARGET = 13.5;
				MTL_ENABLE_DEBUG_INFO = INCLUDE_SOURCE;
				MTL_FAST_MATH = YES;
				ONLY_ACTIVE_ARCH = YES;
				SDKROOT = iphoneos;
				SWIFT_ACTIVE_COMPILATION_CONDITIONS = DEBUG;
				SWIFT_OPTIMIZATION_LEVEL = "-Onone";
			};
			name = Debug;
		};
		347D6A3524B60D9B00D5F7E2 /* Release */ = {
			isa = XCBuildConfiguration;
			buildSettings = {
				ALWAYS_SEARCH_USER_PATHS = NO;
				CLANG_ANALYZER_NONNULL = YES;
				CLANG_ANALYZER_NUMBER_OBJECT_CONVERSION = YES_AGGRESSIVE;
				CLANG_CXX_LANGUAGE_STANDARD = "gnu++14";
				CLANG_CXX_LIBRARY = "libc++";
				CLANG_ENABLE_MODULES = YES;
				CLANG_ENABLE_OBJC_ARC = YES;
				CLANG_ENABLE_OBJC_WEAK = YES;
				CLANG_WARN_BLOCK_CAPTURE_AUTORELEASING = YES;
				CLANG_WARN_BOOL_CONVERSION = YES;
				CLANG_WARN_COMMA = YES;
				CLANG_WARN_CONSTANT_CONVERSION = YES;
				CLANG_WARN_DEPRECATED_OBJC_IMPLEMENTATIONS = YES;
				CLANG_WARN_DIRECT_OBJC_ISA_USAGE = YES_ERROR;
				CLANG_WARN_DOCUMENTATION_COMMENTS = YES;
				CLANG_WARN_EMPTY_BODY = YES;
				CLANG_WARN_ENUM_CONVERSION = YES;
				CLANG_WARN_INFINITE_RECURSION = YES;
				CLANG_WARN_INT_CONVERSION = YES;
				CLANG_WARN_NON_LITERAL_NULL_CONVERSION = YES;
				CLANG_WARN_OBJC_IMPLICIT_RETAIN_SELF = YES;
				CLANG_WARN_OBJC_LITERAL_CONVERSION = YES;
				CLANG_WARN_OBJC_ROOT_CLASS = YES_ERROR;
				CLANG_WARN_RANGE_LOOP_ANALYSIS = YES;
				CLANG_WARN_STRICT_PROTOTYPES = YES;
				CLANG_WARN_SUSPICIOUS_MOVE = YES;
				CLANG_WARN_UNGUARDED_AVAILABILITY = YES_AGGRESSIVE;
				CLANG_WARN_UNREACHABLE_CODE = YES;
				CLANG_WARN__DUPLICATE_METHOD_MATCH = YES;
				COPY_PHASE_STRIP = NO;
				DEBUG_INFORMATION_FORMAT = "dwarf-with-dsym";
				ENABLE_NS_ASSERTIONS = NO;
				ENABLE_STRICT_OBJC_MSGSEND = YES;
				GCC_C_LANGUAGE_STANDARD = gnu11;
				GCC_NO_COMMON_BLOCKS = YES;
				GCC_WARN_64_TO_32_BIT_CONVERSION = YES;
				GCC_WARN_ABOUT_RETURN_TYPE = YES_ERROR;
				GCC_WARN_UNDECLARED_SELECTOR = YES;
				GCC_WARN_UNINITIALIZED_AUTOS = YES_AGGRESSIVE;
				GCC_WARN_UNUSED_FUNCTION = YES;
				GCC_WARN_UNUSED_VARIABLE = YES;
				IPHONEOS_DEPLOYMENT_TARGET = 13.5;
				MTL_ENABLE_DEBUG_INFO = NO;
				MTL_FAST_MATH = YES;
				SDKROOT = iphoneos;
				SWIFT_COMPILATION_MODE = wholemodule;
				SWIFT_OPTIMIZATION_LEVEL = "-O";
				VALIDATE_PRODUCT = YES;
			};
			name = Release;
		};
		347D6A3724B60D9B00D5F7E2 /* Debug */ = {
			isa = XCBuildConfiguration;
			buildSettings = {
				ASSETCATALOG_COMPILER_APPICON_NAME = AppIcon;
				CODE_SIGN_STYLE = Automatic;
				DEVELOPMENT_TEAM = 9ZB2A7WP7E;
				INFOPLIST_FILE = AlcoFan/Info.plist;
				IPHONEOS_DEPLOYMENT_TARGET = 12.0;
				LD_RUNPATH_SEARCH_PATHS = (
					"$(inherited)",
					"@executable_path/Frameworks",
				);
				PRODUCT_BUNDLE_IDENTIFIER = com.MS.AlcoFan.AlcoFan;
				PRODUCT_NAME = "$(TARGET_NAME)";
				SWIFT_VERSION = 5.0;
				TARGETED_DEVICE_FAMILY = "1,2";
			};
			name = Debug;
		};
		347D6A3824B60D9B00D5F7E2 /* Release */ = {
			isa = XCBuildConfiguration;
			buildSettings = {
				ASSETCATALOG_COMPILER_APPICON_NAME = AppIcon;
				CODE_SIGN_STYLE = Automatic;
				DEVELOPMENT_TEAM = 9ZB2A7WP7E;
				INFOPLIST_FILE = AlcoFan/Info.plist;
				IPHONEOS_DEPLOYMENT_TARGET = 12.0;
				LD_RUNPATH_SEARCH_PATHS = (
					"$(inherited)",
					"@executable_path/Frameworks",
				);
				PRODUCT_BUNDLE_IDENTIFIER = com.MS.AlcoFan.AlcoFan;
				PRODUCT_NAME = "$(TARGET_NAME)";
				SWIFT_VERSION = 5.0;
				TARGETED_DEVICE_FAMILY = "1,2";
			};
			name = Release;
		};
/* End XCBuildConfiguration section */

/* Begin XCConfigurationList section */
		347D6A1D24B60D9800D5F7E2 /* Build configuration list for PBXProject "AlcoFan" */ = {
			isa = XCConfigurationList;
			buildConfigurations = (
				347D6A3424B60D9B00D5F7E2 /* Debug */,
				347D6A3524B60D9B00D5F7E2 /* Release */,
			);
			defaultConfigurationIsVisible = 0;
			defaultConfigurationName = Release;
		};
		347D6A3624B60D9B00D5F7E2 /* Build configuration list for PBXNativeTarget "AlcoFan" */ = {
			isa = XCConfigurationList;
			buildConfigurations = (
				347D6A3724B60D9B00D5F7E2 /* Debug */,
				347D6A3824B60D9B00D5F7E2 /* Release */,
			);
			defaultConfigurationIsVisible = 0;
			defaultConfigurationName = Release;
		};
/* End XCConfigurationList section */
	};
	rootObject = 347D6A1A24B60D9800D5F7E2 /* Project object */;
}
